
Microsoft Visual Studio Solution File, Format Version 12.00
# Visual Studio 14
VisualStudioVersion = 14.0.25420.1
MinimumVisualStudioVersion = 10.0.40219.1
Project("{FAE04EC0-301F-11D3-BF4B-00C04F79EFBC}") = "front.mvc.inventario", "front.mvc.inventario\front.mvc.inventario.csproj", "{4C1B979C-590C-447E-A1E8-8A5B27485829}"
EndProject
Project("{FAE04EC0-301F-11D3-BF4B-00C04F79EFBC}") = "backend.api.inventario", "backend.api.inventario\backend.api.inventario.csproj", "{B93F9EA9-A09A-4F35-B5F7-1387DB947584}"
EndProject
Project("{FAE04EC0-301F-11D3-BF4B-00C04F79EFBC}") = "entidad.inventario", "entidad.inventario\entidad.inventario.csproj", "{DCEE9656-E00F-437E-8BD6-34D739B7D9FD}"
EndProject
Global
	GlobalSection(SolutionConfigurationPlatforms) = preSolution
		Debug|Any CPU = Debug|Any CPU
		Release|Any CPU = Release|Any CPU
	EndGlobalSection
	GlobalSection(ProjectConfigurationPlatforms) = postSolution
		{4C1B979C-590C-447E-A1E8-8A5B27485829}.Debug|Any CPU.ActiveCfg = Debug|Any CPU
		{4C1B979C-590C-447E-A1E8-8A5B27485829}.Debug|Any CPU.Build.0 = Debug|Any CPU
		{4C1B979C-590C-447E-A1E8-8A5B27485829}.Release|Any CPU.ActiveCfg = Release|Any CPU
		{4C1B979C-590C-447E-A1E8-8A5B27485829}.Release|Any CPU.Build.0 = Release|Any CPU
		{B93F9EA9-A09A-4F35-B5F7-1387DB947584}.Debug|Any CPU.ActiveCfg = Debug|Any CPU
		{B93F9EA9-A09A-4F35-B5F7-1387DB947584}.Debug|Any CPU.Build.0 = Debug|Any CPU
		{B93F9EA9-A09A-4F35-B5F7-1387DB947584}.Release|Any CPU.ActiveCfg = Release|Any CPU
		{B93F9EA9-A09A-4F35-B5F7-1387DB947584}.Release|Any CPU.Build.0 = Release|Any CPU
		{DCEE9656-E00F-437E-8BD6-34D739B7D9FD}.Debug|Any CPU.ActiveCfg = Debug|Any CPU
		{DCEE9656-E00F-437E-8BD6-34D739B7D9FD}.Debug|Any CPU.Build.0 = Debug|Any CPU
		{DCEE9656-E00F-437E-8BD6-34D739B7D9FD}.Release|Any CPU.ActiveCfg = Release|Any CPU
		{DCEE9656-E00F-437E-8BD6-34D739B7D9FD}.Release|Any CPU.Build.0 = Release|Any CPU
	EndGlobalSection
	GlobalSection(SolutionProperties) = preSolution
		HideSolutionNode = FALSE
	EndGlobalSection
EndGlobal
